lockfileVersion: '6.0'

settings:
  autoInstallPeers: true
  excludeLinksFromLockfile: false

dependencies:
  yn:
    specifier: ^5.0.0
    version: 5.0.0

packages:

  /yn@5.0.0:
    resolution: {integrity: sha512-+l37+9TyGEsyxGLaTg6QgYy5KnOp74ZZl4dPFLQpBWSkO99uBC5jnS0pOGwXFViPbiaEtWbParH2KrgWWF2duQ==}
    engines: {node: ^12.20.0 || ^14.13.1 || >=16.0.0}
    dev: false
